
Microsoft Visual Studio Solution File, Format Version 12.00
Project("{FAE04EC0-301F-11D3-BF4B-00C04F79EFBC}") = "ConsoleAppLearning1", "ConsoleAppLearning1.csproj", "{CFB83129-7DFA-4C43-B0DD-5448F3FAA7D6}"
EndProject
Global
	GlobalSection(SolutionConfigurationPlatforms) = preSolution
		Debug|Any CPU = Debug|Any CPU
		Release|Any CPU = Release|Any CPU
	EndGlobalSection
	GlobalSection(ProjectConfigurationPlatforms) = postSolution
		{CFB83129-7DFA-4C43-B0DD-5448F3FAA7D6}.Debug|Any CPU.ActiveCfg = Debug|Any CPU
		{CFB83129-7DFA-4C43-B0DD-5448F3FAA7D6}.Debug|Any CPU.Build.0 = Debug|Any CPU
		{CFB83129-7DFA-4C43-B0DD-5448F3FAA7D6}.Release|Any CPU.ActiveCfg = Release|Any CPU
		{CFB83129-7DFA-4C43-B0DD-5448F3FAA7D6}.Release|Any CPU.Build.0 = Release|Any CPU
	EndGlobalSection
EndGlobal
